
Microsoft Visual Studio Solution File, Format Version 12.00
# Visual Studio Version 17
VisualStudioVersion = 17.11.35208.52
MinimumVisualStudioVersion = 10.0.40219.1
Project("{FAE04EC0-301F-11D3-BF4B-00C04F79EFBC}") = "Week1-Practical1", "Week1-Practical1\Week1-Practical1.csproj", "{D10E33D6-57B9-4173-A248-23E963B9F7E5}"
EndProject
Global
	GlobalSection(SolutionConfigurationPlatforms) = preSolution
		Debug|Any CPU = Debug|Any CPU
		Release|Any CPU = Release|Any CPU
	EndGlobalSection
	GlobalSection(ProjectConfigurationPlatforms) = postSolution
		{D10E33D6-57B9-4173-A248-23E963B9F7E5}.Debug|Any CPU.ActiveCfg = Debug|Any CPU
		{D10E33D6-57B9-4173-A248-23E963B9F7E5}.Debug|Any CPU.Build.0 = Debug|Any CPU
		{D10E33D6-57B9-4173-A248-23E963B9F7E5}.Release|Any CPU.ActiveCfg = Release|Any CPU
		{D10E33D6-57B9-4173-A248-23E963B9F7E5}.Release|Any CPU.Build.0 = Release|Any CPU
	EndGlobalSection
	GlobalSection(SolutionProperties) = preSolution
		HideSolutionNode = FALSE
	EndGlobalSection
	GlobalSection(ExtensibilityGlobals) = postSolution
		SolutionGuid = {8BAA9A29-1FAF-439A-9512-D2A5F3D45098}
	EndGlobalSection
EndGlobal
